
Microsoft Visual Studio Solution File, Format Version 12.00
# Visual Studio Version 16
VisualStudioVersion = 16.0.31402.337
MinimumVisualStudioVersion = 10.0.40219.1
Project("{FAE04EC0-301F-11D3-BF4B-00C04F79EFBC}") = "Ctrl-Z Counter", "Ctrl-Z Counter\Ctrl-Z Counter.csproj", "{4CECD074-E404-42E6-AB97-37799747EEE7}"
EndProject
Global
	GlobalSection(SolutionConfigurationPlatforms) = preSolution
		Debug|Any CPU = Debug|Any CPU
		Release|Any CPU = Release|Any CPU
	EndGlobalSection
	GlobalSection(ProjectConfigurationPlatforms) = postSolution
		{4CECD074-E404-42E6-AB97-37799747EEE7}.Debug|Any CPU.ActiveCfg = Debug|Any CPU
		{4CECD074-E404-42E6-AB97-37799747EEE7}.Debug|Any CPU.Build.0 = Debug|Any CPU
		{4CECD074-E404-42E6-AB97-37799747EEE7}.Release|Any CPU.ActiveCfg = Release|Any CPU
		{4CECD074-E404-42E6-AB97-37799747EEE7}.Release|Any CPU.Build.0 = Release|Any CPU
	EndGlobalSection
	GlobalSection(SolutionProperties) = preSolution
		HideSolutionNode = FALSE
	EndGlobalSection
	GlobalSection(ExtensibilityGlobals) = postSolution
		SolutionGuid = {8BDC5082-0DFF-41DD-9B44-C02C4D363427}
	EndGlobalSection
EndGlobal
